
Microsoft Visual Studio Solution File, Format Version 12.00
# Visual Studio Version 16
VisualStudioVersion = 16.0.30011.22
MinimumVisualStudioVersion = 10.0.40219.1
Project("{FAE04EC0-301F-11D3-BF4B-00C04F79EFBC}") = "finalPro", "finalPro\finalPro.csproj", "{3AA1DB55-F6F8-427A-A238-46B634AB3845}"
EndProject
Global
	GlobalSection(SolutionConfigurationPlatforms) = preSolution
		Debug|Any CPU = Debug|Any CPU
		Release|Any CPU = Release|Any CPU
	EndGlobalSection
	GlobalSection(ProjectConfigurationPlatforms) = postSolution
		{3AA1DB55-F6F8-427A-A238-46B634AB3845}.Debug|Any CPU.ActiveCfg = Debug|Any CPU
		{3AA1DB55-F6F8-427A-A238-46B634AB3845}.Debug|Any CPU.Build.0 = Debug|Any CPU
		{3AA1DB55-F6F8-427A-A238-46B634AB3845}.Release|Any CPU.ActiveCfg = Release|Any CPU
		{3AA1DB55-F6F8-427A-A238-46B634AB3845}.Release|Any CPU.Build.0 = Release|Any CPU
	EndGlobalSection
	GlobalSection(SolutionProperties) = preSolution
		HideSolutionNode = FALSE
	EndGlobalSection
	GlobalSection(ExtensibilityGlobals) = postSolution
		SolutionGuid = {CB943341-3574-4FEF-90E6-BC20863D15A1}
	EndGlobalSection
EndGlobal
